
Microsoft Visual Studio Solution File, Format Version 12.00
# Visual Studio Version 17
VisualStudioVersion = 17.8.34330.188
MinimumVisualStudioVersion = 10.0.40219.1
Project("{FAE04EC0-301F-11D3-BF4B-00C04F79EFBC}") = "Notes", "Notes\Notes.csproj", "{F0148872-80EE-4AB6-B686-76B0581ABD4E}"
EndProject
Project("{2150E333-8FDC-42A3-9474-1A3956D46DE8}") = "Solution Items", "Solution Items", "{66826FA8-E7E1-49D6-8798-3DDEBAC7FA52}"
	ProjectSection(SolutionItems) = preProject
		.editorconfig = .editorconfig
	EndProjectSection
EndProject
Global
	GlobalSection(SolutionConfigurationPlatforms) = preSolution
		Debug|Any CPU = Debug|Any CPU
		Release|Any CPU = Release|Any CPU
	EndGlobalSection
	GlobalSection(ProjectConfigurationPlatforms) = postSolution
		{F0148872-80EE-4AB6-B686-76B0581ABD4E}.Debug|Any CPU.ActiveCfg = Debug|Any CPU
		{F0148872-80EE-4AB6-B686-76B0581ABD4E}.Debug|Any CPU.Build.0 = Debug|Any CPU
		{F0148872-80EE-4AB6-B686-76B0581ABD4E}.Release|Any CPU.ActiveCfg = Release|Any CPU
		{F0148872-80EE-4AB6-B686-76B0581ABD4E}.Release|Any CPU.Build.0 = Release|Any CPU
	EndGlobalSection
	GlobalSection(SolutionProperties) = preSolution
		HideSolutionNode = FALSE
	EndGlobalSection
	GlobalSection(ExtensibilityGlobals) = postSolution
		SolutionGuid = {41577D3F-437B-45BF-A15F-27D8B3A41DDD}
	EndGlobalSection
EndGlobal
